
Microsoft Visual Studio Solution File, Format Version 12.00
# Visual Studio 15
VisualStudioVersion = 15.0.28307.421
MinimumVisualStudioVersion = 10.0.40219.1
Project("{9A19103F-16F7-4668-BE54-9A1E7A4F7556}") = "CMSWebPageCreator", "CMSWebPageCreator\CMSWebPageCreator.csproj", "{F236F4EB-507A-48D0-85C0-DE1110C0583C}"
EndProject
Global
	GlobalSection(SolutionConfigurationPlatforms) = preSolution
		Debug|Any CPU = Debug|Any CPU
		Release|Any CPU = Release|Any CPU
	EndGlobalSection
	GlobalSection(ProjectConfigurationPlatforms) = postSolution
		{F236F4EB-507A-48D0-85C0-DE1110C0583C}.Debug|Any CPU.ActiveCfg = Debug|Any CPU
		{F236F4EB-507A-48D0-85C0-DE1110C0583C}.Debug|Any CPU.Build.0 = Debug|Any CPU
		{F236F4EB-507A-48D0-85C0-DE1110C0583C}.Release|Any CPU.ActiveCfg = Release|Any CPU
		{F236F4EB-507A-48D0-85C0-DE1110C0583C}.Release|Any CPU.Build.0 = Release|Any CPU
	EndGlobalSection
	GlobalSection(SolutionProperties) = preSolution
		HideSolutionNode = FALSE
	EndGlobalSection
	GlobalSection(ExtensibilityGlobals) = postSolution
		SolutionGuid = {271B1C52-A4FB-41FB-A70C-857655B41D00}
	EndGlobalSection
EndGlobal
